// !$*UTF8*$!
{
	archiveVersion = 1;
	classes = {
	};
	objectVersion = 50;
	objects = {

/* Begin PBXBuildFile section */
		4513F39722AF0106002EB4BE /* src in Resources */ = {isa = PBXBuildFile; fileRef = 4513F39622AF0105002EB4BE /* src */; };
		4530430D22B28D760036E361 /* ImageView.swift in Sources */ = {isa = PBXBuildFile; fileRef = 4530430C22B28D760036E361 /* ImageView.swift */; };
		453C8CC222A52BA900AB5A28 /* NSImage+Python.swift in Sources */ = {isa = PBXBuildFile; fileRef = 453C8CC122A52BA900AB5A28 /* NSImage+Python.swift */; };
		C76E326022A2D140004F6D60 /* AppDelegate.swift in Sources */ = {isa = PBXBuildFile; fileRef = C76E325F22A2D140004F6D60 /* AppDelegate.swift */; };
		C76E326222A2D140004F6D60 /* ViewController.swift in Sources */ = {isa = PBXBuildFile; fileRef = C76E326122A2D140004F6D60 /* ViewController.swift */; };
		C76E326422A2D143004F6D60 /* Assets.xcassets in Resources */ = {isa = PBXBuildFile; fileRef = C76E326322A2D143004F6D60 /* Assets.xcassets */; };
		C76E326722A2D143004F6D60 /* Main.storyboard in Resources */ = {isa = PBXBuildFile; fileRef = C76E326522A2D143004F6D60 /* Main.storyboard */; };
		C78AC1F322A2F0FE00D0AEF8 /* SliderView.swift in Sources */ = {isa = PBXBuildFile; fileRef = C78AC1F222A2F0FE00D0AEF8 /* SliderView.swift */; };
		C7BF869722A3D1F000DF8233 /* NumpyConversion.swift in Sources */ = {isa = PBXBuildFile; fileRef = C7BF869322A3D1EF00DF8233 /* NumpyConversion.swift */; };
		C7BF869822A3D1F000DF8233 /* Python.swift in Sources */ = {isa = PBXBuildFile; fileRef = C7BF869422A3D1EF00DF8233 /* Python.swift */; };
		C7BF869922A3D1F000DF8233 /* PythonLibrary+Symbols.swift in Sources */ = {isa = PBXBuildFile; fileRef = C7BF869522A3D1EF00DF8233 /* PythonLibrary+Symbols.swift */; };
		C7BF869A22A3D1F000DF8233 /* PythonLibrary.swift in Sources */ = {isa = PBXBuildFile; fileRef = C7BF869622A3D1F000DF8233 /* PythonLibrary.swift */; };
/* End PBXBuildFile section */

/* Begin PBXFileReference section */
		4513F39622AF0105002EB4BE /* src */ = {isa = PBXFileReference; lastKnownFileType = folder; path = src; sourceTree = "<group>"; };
		4530430C22B28D760036E361 /* ImageView.swift */ = {isa = PBXFileReference; lastKnownFileType = sourcecode.swift; path = ImageView.swift; sourceTree = "<group>"; };
		453C8CC122A52BA900AB5A28 /* NSImage+Python.swift */ = {isa = PBXFileReference; lastKnownFileType = sourcecode.swift; path = "NSImage+Python.swift"; sourceTree = "<group>"; };
		C76E325C22A2D140004F6D60 /* FasterThanLightFourierTransform.app */ = {isa = PBXFileReference; explicitFileType = wrapper.application; includeInIndex = 0; path = FasterThanLightFourierTransform.app; sourceTree = BUILT_PRODUCTS_DIR; };
		C76E325F22A2D140004F6D60 /* AppDelegate.swift */ = {isa = PBXFileReference; lastKnownFileType = sourcecode.swift; path = AppDelegate.swift; sourceTree = "<group>"; };
		C76E326122A2D140004F6D60 /* ViewController.swift */ = {isa = PBXFileReference; lastKnownFileType = sourcecode.swift; path = ViewController.swift; sourceTree = "<group>"; };
		C76E326322A2D143004F6D60 /* Assets.xcassets */ = {isa = PBXFileReference; lastKnownFileType = folder.assetcatalog; path = Assets.xcassets; sourceTree = "<group>"; };
		C76E326622A2D143004F6D60 /* Base */ = {isa = PBXFileReference; lastKnownFileType = file.storyboard; name = Base; path = Base.lproj/Main.storyboard; sourceTree = "<group>"; };
		C76E326822A2D143004F6D60 /* Info.plist */ = {isa = PBXFileReference; lastKnownFileType = text.plist.xml; path = Info.plist; sourceTree = "<group>"; };
		C76E326922A2D143004F6D60 /* FasterThanLightFourierTransform.entitlements */ = {isa = PBXFileReference; lastKnownFileType = text.plist.entitlements; path = FasterThanLightFourierTransform.entitlements; sourceTree = "<group>"; };
		C78AC1F222A2F0FE00D0AEF8 /* SliderView.swift */ = {isa = PBXFileReference; lastKnownFileType = sourcecode.swift; path = SliderView.swift; sourceTree = "<group>"; };
		C7BF869322A3D1EF00DF8233 /* NumpyConversion.swift */ = {isa = PBXFileReference; fileEncoding = 4; lastKnownFileType = sourcecode.swift; path = NumpyConversion.swift; sourceTree = "<group>"; };
		C7BF869422A3D1EF00DF8233 /* Python.swift */ = {isa = PBXFileReference; fileEncoding = 4; lastKnownFileType = sourcecode.swift; path = Python.swift; sourceTree = "<group>"; };
		C7BF869522A3D1EF00DF8233 /* PythonLibrary+Symbols.swift */ = {isa = PBXFileReference; fileEncoding = 4; lastKnownFileType = sourcecode.swift; path = "PythonLibrary+Symbols.swift"; sourceTree = "<group>"; };
		C7BF869622A3D1F000DF8233 /* PythonLibrary.swift */ = {isa = PBXFileReference; fileEncoding = 4; lastKnownFileType = sourcecode.swift; path = PythonLibrary.swift; sourceTree = "<group>"; };
/* End PBXFileReference section */

/* Begin PBXFrameworksBuildPhase section */
		C76E325922A2D140004F6D60 /* Frameworks */ = {
			isa = PBXFrameworksBuildPhase;
			buildActionMask = 2147483647;
			files = (
			);
			runOnlyForDeploymentPostprocessing = 0;
		};
/* End PBXFrameworksBuildPhase section */

/* Begin PBXGroup section */
		453C8CC522A52BC500AB5A28 /* Extensions */ = {
			isa = PBXGroup;
			children = (
				453C8CC122A52BA900AB5A28 /* NSImage+Python.swift */,
			);
			path = Extensions;
			sourceTree = "<group>";
		};
		C76E325322A2D140004F6D60 = {
			isa = PBXGroup;
			children = (
				C76E325E22A2D140004F6D60 /* FasterThanLightFourierTransform */,
				C76E325D22A2D140004F6D60 /* Products */,
			);
			sourceTree = "<group>";
		};
		C76E325D22A2D140004F6D60 /* Products */ = {
			isa = PBXGroup;
			children = (
				C76E325C22A2D140004F6D60 /* FasterThanLightFourierTransform.app */,
			);
			name = Products;
			sourceTree = "<group>";
		};
		C76E325E22A2D140004F6D60 /* FasterThanLightFourierTransform */ = {
			isa = PBXGroup;
			children = (
				C7BF869B22A3D3C900DF8233 /* Python */,
				4513F39622AF0105002EB4BE /* src */,
				C76E325F22A2D140004F6D60 /* AppDelegate.swift */,
				C76E326122A2D140004F6D60 /* ViewController.swift */,
				C78AC1F222A2F0FE00D0AEF8 /* SliderView.swift */,
				4530430C22B28D760036E361 /* ImageView.swift */,
				C76E326322A2D143004F6D60 /* Assets.xcassets */,
				C76E326522A2D143004F6D60 /* Main.storyboard */,
				C76E326822A2D143004F6D60 /* Info.plist */,
				C76E326922A2D143004F6D60 /* FasterThanLightFourierTransform.entitlements */,
			);
			path = FasterThanLightFourierTransform;
			sourceTree = "<group>";
		};
		C7BF869B22A3D3C900DF8233 /* Python */ = {
			isa = PBXGroup;
			children = (
				453C8CC522A52BC500AB5A28 /* Extensions */,
				C7BF869322A3D1EF00DF8233 /* NumpyConversion.swift */,
				C7BF869422A3D1EF00DF8233 /* Python.swift */,
				C7BF869622A3D1F000DF8233 /* PythonLibrary.swift */,
				C7BF869522A3D1EF00DF8233 /* PythonLibrary+Symbols.swift */,
			);
			path = Python;
			sourceTree = "<group>";
		};
/* End PBXGroup section */

/* Begin PBXNativeTarget section */
		C76E325B22A2D140004F6D60 /* FasterThanLightFourierTransform */ = {
			isa = PBXNativeTarget;
			buildConfigurationList = C76E326C22A2D143004F6D60 /* Build configuration list for PBXNativeTarget "FasterThanLightFourierTransform" */;
			buildPhases = (
				C76E325822A2D140004F6D60 /* Sources */,
				C76E325922A2D140004F6D60 /* Frameworks */,
				C76E325A22A2D140004F6D60 /* Resources */,
			);
			buildRules = (
			);
			dependencies = (
			);
			name = FasterThanLightFourierTransform;
			productName = FasterThanLightFourierTransform;
			productReference = C76E325C22A2D140004F6D60 /* FasterThanLightFourierTransform.app */;
			productType = "com.apple.product-type.application";
		};
/* End PBXNativeTarget section */

/* Begin PBXProject section */
		C76E325422A2D140004F6D60 /* Project object */ = {
			isa = PBXProject;
			attributes = {
				LastSwiftUpdateCheck = 1020;
				LastUpgradeCheck = 1020;
				ORGANIZATIONNAME = "Giorgia e Elia";
				TargetAttributes = {
					C76E325B22A2D140004F6D60 = {
						CreatedOnToolsVersion = 10.2;
					};
				};
			};
			buildConfigurationList = C76E325722A2D140004F6D60 /* Build configuration list for PBXProject "FasterThanLightFourierTransform" */;
			compatibilityVersion = "Xcode 9.3";
			developmentRegion = en;
			hasScannedForEncodings = 0;
			knownRegions = (
				en,
				Base,
			);
			mainGroup = C76E325322A2D140004F6D60;
			productRefGroup = C76E325D22A2D140004F6D60 /* Products */;
			projectDirPath = "";
			projectRoot = "";
			targets = (
				C76E325B22A2D140004F6D60 /* FasterThanLightFourierTransform */,
			);
		};
/* End PBXProject section */

/* Begin PBXResourcesBuildPhase section */
		C76E325A22A2D140004F6D60 /* Resources */ = {
			isa = PBXResourcesBuildPhase;
			buildActionMask = 2147483647;
			files = (
				4513F39722AF0106002EB4BE /* src in Resources */,
				C76E326422A2D143004F6D60 /* Assets.xcassets in Resources */,
				C76E326722A2D143004F6D60 /* Main.storyboard in Resources */,
			);
			runOnlyForDeploymentPostprocessing = 0;
		};
/* End PBXResourcesBuildPhase section */

/* Begin PBXSourcesBuildPhase section */
		C76E325822A2D140004F6D60 /* Sources */ = {
			isa = PBXSourcesBuildPhase;
			buildActionMask = 2147483647;
			files = (
				453C8CC222A52BA900AB5A28 /* NSImage+Python.swift in Sources */,
				C76E326222A2D140004F6D60 /* ViewController.swift in Sources */,
				C7BF869922A3D1F000DF8233 /* PythonLibrary+Symbols.swift in Sources */,
				C76E326022A2D140004F6D60 /* AppDelegate.swift in Sources */,
				C7BF869A22A3D1F000DF8233 /* PythonLibrary.swift in Sources */,
				C78AC1F322A2F0FE00D0AEF8 /* SliderView.swift in Sources */,
				4530430D22B28D760036E361 /* ImageView.swift in Sources */,
				C7BF869722A3D1F000DF8233 /* NumpyConversion.swift in Sources */,
				C7BF869822A3D1F000DF8233 /* Python.swift in Sources */,
			);
			runOnlyForDeploymentPostprocessing = 0;
		};
/* End PBXSourcesBuildPhase section */

/* Begin PBXVariantGroup section */
		C76E326522A2D143004F6D60 /* Main.storyboard */ = {
			isa = PBXVariantGroup;
			children = (
				C76E326622A2D143004F6D60 /* Base */,
			);
			name = Main.storyboard;
			sourceTree = "<group>";
		};
/* End PBXVariantGroup section */

/* Begin XCBuildConfiguration section */
		C76E326A22A2D143004F6D60 /* Debug */ = {
			isa = XCBuildConfiguration;
			buildSettings = {
				ALWAYS_SEARCH_USER_PATHS = NO;
				CLANG_ANALYZER_NONNULL = YES;
				CLANG_ANALYZER_NUMBER_OBJECT_CONVERSION = YES_AGGRESSIVE;
				CLANG_CXX_LANGUAGE_STANDARD = "gnu++14";
				CLANG_CXX_LIBRARY = "libc++";
				CLANG_ENABLE_MODULES = YES;
				CLANG_ENABLE_OBJC_ARC = YES;
				CLANG_ENABLE_OBJC_WEAK = YES;
				CLANG_WARN_BLOCK_CAPTURE_AUTORELEASING = YES;
				CLANG_WARN_BOOL_CONVERSION = YES;
				CLANG_WARN_COMMA = YES;
				CLANG_WARN_CONSTANT_CONVERSION = YES;
				CLANG_WARN_DEPRECATED_OBJC_IMPLEMENTATIONS = YES;
				CLANG_WARN_DIRECT_OBJC_ISA_USAGE = YES_ERROR;
				CLANG_WARN_DOCUMENTATION_COMMENTS = YES;
				CLANG_WARN_EMPTY_BODY = YES;
				CLANG_WARN_ENUM_CONVERSION = YES;
				CLANG_WARN_INFINITE_RECURSION = YES;
				CLANG_WARN_INT_CONVERSION = YES;
				CLANG_WARN_NON_LITERAL_NULL_CONVERSION = YES;
				CLANG_WARN_OBJC_IMPLICIT_RETAIN_SELF = YES;
				CLANG_WARN_OBJC_LITERAL_CONVERSION = YES;
				CLANG_WARN_OBJC_ROOT_CLASS = YES_ERROR;
				CLANG_WARN_RANGE_LOOP_ANALYSIS = YES;
				CLANG_WARN_STRICT_PROTOTYPES = YES;
				CLANG_WARN_SUSPICIOUS_MOVE = YES;
				CLANG_WARN_UNGUARDED_AVAILABILITY = YES_AGGRESSIVE;
				CLANG_WARN_UNREACHABLE_CODE = YES;
				CLANG_WARN__DUPLICATE_METHOD_MATCH = YES;
				CODE_SIGN_IDENTITY = "Mac Developer";
				COPY_PHASE_STRIP = NO;
				DEBUG_INFORMATION_FORMAT = dwarf;
				ENABLE_STRICT_OBJC_MSGSEND = YES;
				ENABLE_TESTABILITY = YES;
				GCC_C_LANGUAGE_STANDARD = gnu11;
				GCC_DYNAMIC_NO_PIC = NO;
				GCC_NO_COMMON_BLOCKS = YES;
				GCC_OPTIMIZATION_LEVEL = 0;
				GCC_PREPROCESSOR_DEFINITIONS = (
					"DEBUG=1",
					"$(inherited)",
				);
				GCC_WARN_64_TO_32_BIT_CONVERSION = YES;
				GCC_WARN_ABOUT_RETURN_TYPE = YES_ERROR;
				GCC_WARN_UNDECLARED_SELECTOR = YES;
				GCC_WARN_UNINITIALIZED_AUTOS = YES_AGGRESSIVE;
				GCC_WARN_UNUSED_FUNCTION = YES;
				GCC_WARN_UNUSED_VARIABLE = YES;
				MACOSX_DEPLOYMENT_TARGET = 10.14;
				MTL_ENABLE_DEBUG_INFO = INCLUDE_SOURCE;
				MTL_FAST_MATH = YES;
				ONLY_ACTIVE_ARCH = YES;
				SDKROOT = macosx;
				SWIFT_ACTIVE_COMPILATION_CONDITIONS = DEBUG;
				SWIFT_OPTIMIZATION_LEVEL = "-Onone";
			};
			name = Debug;
		};
		C76E326B22A2D143004F6D60 /* Release */ = {
			isa = XCBuildConfiguration;
			buildSettings = {
				ALWAYS_SEARCH_USER_PATHS = NO;
				CLANG_ANALYZER_NONNULL = YES;
				CLANG_ANALYZER_NUMBER_OBJECT_CONVERSION = YES_AGGRESSIVE;
				CLANG_CXX_LANGUAGE_STANDARD = "gnu++14";
				CLANG_CXX_LIBRARY = "libc++";
				CLANG_ENABLE_MODULES = YES;
				CLANG_ENABLE_OBJC_ARC = YES;
				CLANG_ENABLE_OBJC_WEAK = YES;
				CLANG_WARN_BLOCK_CAPTURE_AUTORELEASING = YES;
				CLANG_WARN_BOOL_CONVERSION = YES;
				CLANG_WARN_COMMA = YES;
				CLANG_WARN_CONSTANT_CONVERSION = YES;
				CLANG_WARN_DEPRECATED_OBJC_IMPLEMENTATIONS = YES;
				CLANG_WARN_DIRECT_OBJC_ISA_USAGE = YES_ERROR;
				CLANG_WARN_DOCUMENTATION_COMMENTS = YES;
				CLANG_WARN_EMPTY_BODY = YES;
				CLANG_WARN_ENUM_CONVERSION = YES;
				CLANG_WARN_INFINITE_RECURSION = YES;
				CLANG_WARN_INT_CONVERSION = YES;
				CLANG_WARN_NON_LITERAL_NULL_CONVERSION = YES;
				CLANG_WARN_OBJC_IMPLICIT_RETAIN_SELF = YES;
				CLANG_WARN_OBJC_LITERAL_CONVERSION = YES;
				CLANG_WARN_OBJC_ROOT_CLASS = YES_ERROR;
				CLANG_WARN_RANGE_LOOP_ANALYSIS = YES;
				CLANG_WARN_STRICT_PROTOTYPES = YES;
				CLANG_WARN_SUSPICIOUS_MOVE = YES;
				CLANG_WARN_UNGUARDED_AVAILABILITY = YES_AGGRESSIVE;
				CLANG_WARN_UNREACHABLE_CODE = YES;
				CLANG_WARN__DUPLICATE_METHOD_MATCH = YES;
				CODE_SIGN_IDENTITY = "Mac Developer";
				COPY_PHASE_STRIP = NO;
				DEBUG_INFORMATION_FORMAT = "dwarf-with-dsym";
				ENABLE_NS_ASSERTIONS = NO;
				ENABLE_STRICT_OBJC_MSGSEND = YES;
				GCC_C_LANGUAGE_STANDARD = gnu11;
				GCC_NO_COMMON_BLOCKS = YES;
				GCC_WARN_64_TO_32_BIT_CONVERSION = YES;
				GCC_WARN_ABOUT_RETURN_TYPE = YES_ERROR;
				GCC_WARN_UNDECLARED_SELECTOR = YES;
				GCC_WARN_UNINITIALIZED_AUTOS = YES_AGGRESSIVE;
				GCC_WARN_UNUSED_FUNCTION = YES;
				GCC_WARN_UNUSED_VARIABLE = YES;
				MACOSX_DEPLOYMENT_TARGET = 10.14;
				MTL_ENABLE_DEBUG_INFO = NO;
				MTL_FAST_MATH = YES;
				SDKROOT = macosx;
				SWIFT_COMPILATION_MODE = wholemodule;
				SWIFT_OPTIMIZATION_LEVEL = "-O";
			};
			name = Release;
		};
		C76E326D22A2D143004F6D60 /* Debug */ = {
			isa = XCBuildConfiguration;
			buildSettings = {
				ASSETCATALOG_COMPILER_APPICON_NAME = AppIcon;
				CODE_SIGN_ENTITLEMENTS = FasterThanLightFourierTransform/FasterThanLightFourierTransform.entitlements;
				CODE_SIGN_STYLE = Automatic;
				COMBINE_HIDPI_IMAGES = YES;
				DEVELOPMENT_TEAM = 543NL3Y457;
				INFOPLIST_FILE = FasterThanLightFourierTransform/Info.plist;
				LD_RUNPATH_SEARCH_PATHS = (
					"$(inherited)",
					"@executable_path/../Frameworks",
				);
				PRODUCT_BUNDLE_IDENTIFIER = "it.Giorgia-Elia.FasterThanLightFourierTransform";
				PRODUCT_NAME = "$(TARGET_NAME)";
				SWIFT_VERSION = 5.0;
			};
			name = Debug;
		};
		C76E326E22A2D143004F6D60 /* Release */ = {
			isa = XCBuildConfiguration;
			buildSettings = {
				ASSETCATALOG_COMPILER_APPICON_NAME = AppIcon;
				CODE_SIGN_ENTITLEMENTS = FasterThanLightFourierTransform/FasterThanLightFourierTransform.entitlements;
				CODE_SIGN_STYLE = Automatic;
				COMBINE_HIDPI_IMAGES = YES;
				DEVELOPMENT_TEAM = 543NL3Y457;
				INFOPLIST_FILE = FasterThanLightFourierTransform/Info.plist;
				LD_RUNPATH_SEARCH_PATHS = (
					"$(inherited)",
					"@executable_path/../Frameworks",
				);
				PRODUCT_BUNDLE_IDENTIFIER = "it.Giorgia-Elia.FasterThanLightFourierTransform";
				PRODUCT_NAME = "$(TARGET_NAME)";
				SWIFT_VERSION = 5.0;
			};
			name = Release;
		};
/* End XCBuildConfiguration section */

/* Begin XCConfigurationList section */
		C76E325722A2D140004F6D60 /* Build configuration list for PBXProject "FasterThanLightFourierTransform" */ = {
			isa = XCConfigurationList;
			buildConfigurations = (
				C76E326A22A2D143004F6D60 /* Debug */,
				C76E326B22A2D143004F6D60 /* Release */,
			);
			defaultConfigurationIsVisible = 0;
			defaultConfigurationName = Release;
		};
		C76E326C22A2D143004F6D60 /* Build configuration list for PBXNativeTarget "FasterThanLightFourierTransform" */ = {
			isa = XCConfigurationList;
			buildConfigurations = (
				C76E326D22A2D143004F6D60 /* Debug */,
				C76E326E22A2D143004F6D60 /* Release */,
			);
			defaultConfigurationIsVisible = 0;
			defaultConfigurationName = Release;
		};
/* End XCConfigurationList section */
	};
	rootObject = C76E325422A2D140004F6D60 /* Project object */;
}
